
Microsoft Visual Studio Solution File, Format Version 12.00
# Visual Studio 15
VisualStudioVersion = 15.0.27428.2005
MinimumVisualStudioVersion = 10.0.40219.1
Project("{FAE04EC0-301F-11D3-BF4B-00C04F79EFBC}") = "PROYECTO PROGRA", "PROYECTO PROGRA\PROYECTO PROGRA.csproj", "{71C76B35-9370-470B-AD0C-C7E789CCF761}"
EndProject
Global
	GlobalSection(SolutionConfigurationPlatforms) = preSolution
		Debug|Any CPU = Debug|Any CPU
		Release|Any CPU = Release|Any CPU
	EndGlobalSection
	GlobalSection(ProjectConfigurationPlatforms) = postSolution
		{71C76B35-9370-470B-AD0C-C7E789CCF761}.Debug|Any CPU.ActiveCfg = Debug|Any CPU
		{71C76B35-9370-470B-AD0C-C7E789CCF761}.Debug|Any CPU.Build.0 = Debug|Any CPU
		{71C76B35-9370-470B-AD0C-C7E789CCF761}.Release|Any CPU.ActiveCfg = Release|Any CPU
		{71C76B35-9370-470B-AD0C-C7E789CCF761}.Release|Any CPU.Build.0 = Release|Any CPU
	EndGlobalSection
	GlobalSection(SolutionProperties) = preSolution
		HideSolutionNode = FALSE
	EndGlobalSection
	GlobalSection(ExtensibilityGlobals) = postSolution
		SolutionGuid = {A8F8E9C2-41A7-43D0-A483-74B78E96149A}
	EndGlobalSection
EndGlobal
